
Microsoft Visual Studio Solution File, Format Version 12.00
# Visual Studio Version 17
VisualStudioVersion = 17.4.33205.214
MinimumVisualStudioVersion = 10.0.40219.1
Project("{FAE04EC0-301F-11D3-BF4B-00C04F79EFBC}") = "AndreeCoffeeShop", "AndreeCoffeeShop\AndreeCoffeeShop.csproj", "{6BD2DDD3-2F2B-41E1-97AF-D52D818BE5D0}"
EndProject
Global
	GlobalSection(SolutionConfigurationPlatforms) = preSolution
		Debug|Any CPU = Debug|Any CPU
		Release|Any CPU = Release|Any CPU
	EndGlobalSection
	GlobalSection(ProjectConfigurationPlatforms) = postSolution
		{6BD2DDD3-2F2B-41E1-97AF-D52D818BE5D0}.Debug|Any CPU.ActiveCfg = Debug|Any CPU
		{6BD2DDD3-2F2B-41E1-97AF-D52D818BE5D0}.Debug|Any CPU.Build.0 = Debug|Any CPU
		{6BD2DDD3-2F2B-41E1-97AF-D52D818BE5D0}.Release|Any CPU.ActiveCfg = Release|Any CPU
		{6BD2DDD3-2F2B-41E1-97AF-D52D818BE5D0}.Release|Any CPU.Build.0 = Release|Any CPU
	EndGlobalSection
	GlobalSection(SolutionProperties) = preSolution
		HideSolutionNode = FALSE
	EndGlobalSection
	GlobalSection(ExtensibilityGlobals) = postSolution
		SolutionGuid = {FD724237-2C3C-48CD-90F3-87611E228C91}
	EndGlobalSection
EndGlobal
